
Microsoft Visual Studio Solution File, Format Version 12.00
# Visual Studio Version 17
VisualStudioVersion = 17.8.34601.278
MinimumVisualStudioVersion = 10.0.40219.1
Project("{9A19103F-16F7-4668-BE54-9A1E7A4F7556}") = "Api", "Api\Api.csproj", "{BC84D39A-DB33-4235-B9A7-BBF50D16C326}"
EndProject
Global
	GlobalSection(SolutionConfigurationPlatforms) = preSolution
		Debug|Any CPU = Debug|Any CPU
		Release|Any CPU = Release|Any CPU
	EndGlobalSection
	GlobalSection(ProjectConfigurationPlatforms) = postSolution
		{BC84D39A-DB33-4235-B9A7-BBF50D16C326}.Debug|Any CPU.ActiveCfg = Debug|Any CPU
		{BC84D39A-DB33-4235-B9A7-BBF50D16C326}.Debug|Any CPU.Build.0 = Debug|Any CPU
		{BC84D39A-DB33-4235-B9A7-BBF50D16C326}.Release|Any CPU.ActiveCfg = Release|Any CPU
		{BC84D39A-DB33-4235-B9A7-BBF50D16C326}.Release|Any CPU.Build.0 = Release|Any CPU
	EndGlobalSection
	GlobalSection(SolutionProperties) = preSolution
		HideSolutionNode = FALSE
	EndGlobalSection
	GlobalSection(ExtensibilityGlobals) = postSolution
		SolutionGuid = {F4519355-5C10-48E7-9DAD-D485A885895A}
	EndGlobalSection
EndGlobal
